// !$*UTF8*$!
{
	archiveVersion = 1;
	classes = {
	};
	objectVersion = 46;
	objects = {

/* Begin PBXBuildFile section */
		7F0E33061C992B220001BBF2 /* RMSSampleMap.m in Sources */ = {isa = PBXBuildFile; fileRef = 7F0E33051C992B220001BBF2 /* RMSSampleMap.m */; };
		7F727CAC1C69315600416DB0 /* NSBitmapImageRepView.m in Sources */ = {isa = PBXBuildFile; fileRef = 7F727CAB1C69315600416DB0 /* NSBitmapImageRepView.m */; };
		7FA043941C58F15500CAC51D /* AppDelegate.m in Sources */ = {isa = PBXBuildFile; fileRef = 7FA043931C58F15500CAC51D /* AppDelegate.m */; };
		7FA043971C58F15500CAC51D /* main.m in Sources */ = {isa = PBXBuildFile; fileRef = 7FA043961C58F15500CAC51D /* main.m */; };
		7FA043991C58F15500CAC51D /* Assets.xcassets in Resources */ = {isa = PBXBuildFile; fileRef = 7FA043981C58F15500CAC51D /* Assets.xcassets */; };
		7FA0439C1C58F15500CAC51D /* MainMenu.xib in Resources */ = {isa = PBXBuildFile; fileRef = 7FA0439A1C58F15500CAC51D /* MainMenu.xib */; };
		7FA045081C58F35400CAC51D /* RMSKaraokeViewController.m in Sources */ = {isa = PBXBuildFile; fileRef = 7FA045061C58F35400CAC51D /* RMSKaraokeViewController.m */; };
		7FA045091C58F35400CAC51D /* RMSKaraokeViewController.xib in Resources */ = {isa = PBXBuildFile; fileRef = 7FA045071C58F35400CAC51D /* RMSKaraokeViewController.xib */; };
		7FB8E0C01C42FA3800B7848A /* AppDelegate.m in Sources */ = {isa = PBXBuildFile; fileRef = 7FB8E0BF1C42FA3800B7848A /* AppDelegate.m */; };
		7FB8E0C31C42FA3800B7848A /* main.m in Sources */ = {isa = PBXBuildFile; fileRef = 7FB8E0C21C42FA3800B7848A /* main.m */; };
		7FB8E0C51C42FA3800B7848A /* Assets.xcassets in Resources */ = {isa = PBXBuildFile; fileRef = 7FB8E0C41C42FA3800B7848A /* Assets.xcassets */; };
		7FB8E0C81C42FA3900B7848A /* MainMenu.xib in Resources */ = {isa = PBXBuildFile; fileRef = 7FB8E0C61C42FA3900B7848A /* MainMenu.xib */; };
		7FB8E1251C42FC5700B7848A /* MainViewController.m in Sources */ = {isa = PBXBuildFile; fileRef = 7FB8E1231C42FC5700B7848A /* MainViewController.m */; };
		7FB8E1261C42FC5700B7848A /* MainViewController.xib in Resources */ = {isa = PBXBuildFile; fileRef = 7FB8E1241C42FC5700B7848A /* MainViewController.xib */; };
		7FCBD7D11C928E7200241382 /* RMSAudio.framework in Frameworks */ = {isa = PBXBuildFile; fileRef = 7FCBD7D01C928E7200241382 /* RMSAudio.framework */; };
/* End PBXBuildFile section */

/* Begin PBXFileReference section */
		7F0E33041C992B220001BBF2 /* RMSSampleMap.h */ = {isa = PBXFileReference; fileEncoding = 4; lastKnownFileType = sourcecode.c.h; path = RMSSampleMap.h; sourceTree = "<group>"; };
		7F0E33051C992B220001BBF2 /* RMSSampleMap.m */ = {isa = PBXFileReference; fileEncoding = 4; lastKnownFileType = sourcecode.c.objc; path = RMSSampleMap.m; sourceTree = "<group>"; };
		7F727CAA1C69315600416DB0 /* NSBitmapImageRepView.h */ = {isa = PBXFileReference; fileEncoding = 4; lastKnownFileType = sourcecode.c.h; path = NSBitmapImageRepView.h; sourceTree = "<group>"; };
		7F727CAB1C69315600416DB0 /* NSBitmapImageRepView.m */ = {isa = PBXFileReference; fileEncoding = 4; lastKnownFileType = sourcecode.c.objc; path = NSBitmapImageRepView.m; sourceTree = "<group>"; };
		7FA043901C58F15500CAC51D /* RMSKaraokeApp.app */ = {isa = PBXFileReference; explicitFileType = wrapper.application; includeInIndex = 0; path = RMSKaraokeApp.app; sourceTree = BUILT_PRODUCTS_DIR; };
		7FA043921C58F15500CAC51D /* AppDelegate.h */ = {isa = PBXFileReference; lastKnownFileType = sourcecode.c.h; path = AppDelegate.h; sourceTree = "<group>"; };
		7FA043931C58F15500CAC51D /* AppDelegate.m */ = {isa = PBXFileReference; lastKnownFileType = sourcecode.c.objc; path = AppDelegate.m; sourceTree = "<group>"; };
		7FA043961C58F15500CAC51D /* main.m */ = {isa = PBXFileReference; lastKnownFileType = sourcecode.c.objc; path = main.m; sourceTree = "<group>"; };
		7FA043981C58F15500CAC51D /* Assets.xcassets */ = {isa = PBXFileReference; lastKnownFileType = folder.assetcatalog; path = Assets.xcassets; sourceTree = "<group>"; };
		7FA0439B1C58F15500CAC51D /* Base */ = {isa = PBXFileReference; lastKnownFileType = file.xib; name = Base; path = Base.lproj/MainMenu.xib; sourceTree = "<group>"; };
		7FA0439D1C58F15500CAC51D /* Info.plist */ = {isa = PBXFileReference; lastKnownFileType = text.plist.xml; path = Info.plist; sourceTree = "<group>"; };
		7FA045051C58F35400CAC51D /* RMSKaraokeViewController.h */ = {isa = PBXFileReference; fileEncoding = 4; lastKnownFileType = sourcecode.c.h; path = RMSKaraokeViewController.h; sourceTree = "<group>"; };
		7FA045061C58F35400CAC51D /* RMSKaraokeViewController.m */ = {isa = PBXFileReference; fileEncoding = 4; lastKnownFileType = sourcecode.c.objc; path = RMSKaraokeViewController.m; sourceTree = "<group>"; };
		7FA045071C58F35400CAC51D /* RMSKaraokeViewController.xib */ = {isa = PBXFileReference; fileEncoding = 4; lastKnownFileType = file.xib; path = RMSKaraokeViewController.xib; sourceTree = "<group>"; };
		7FB8E0BB1C42FA3800B7848A /* RMSAudioApp.app */ = {isa = PBXFileReference; explicitFileType = wrapper.application; includeInIndex = 0; path = RMSAudioApp.app; sourceTree = BUILT_PRODUCTS_DIR; };
		7FB8E0BE1C42FA3800B7848A /* AppDelegate.h */ = {isa = PBXFileReference; lastKnownFileType = sourcecode.c.h; path = AppDelegate.h; sourceTree = "<group>"; };
		7FB8E0BF1C42FA3800B7848A /* AppDelegate.m */ = {isa = PBXFileReference; lastKnownFileType = sourcecode.c.objc; path = AppDelegate.m; sourceTree = "<group>"; };
		7FB8E0C21C42FA3800B7848A /* main.m */ = {isa = PBXFileReference; lastKnownFileType = sourcecode.c.objc; path = main.m; sourceTree = "<group>"; };
		7FB8E0C41C42FA3800B7848A /* Assets.xcassets */ = {isa = PBXFileReference; lastKnownFileType = folder.assetcatalog; path = Assets.xcassets; sourceTree = "<group>"; };
		7FB8E0C71C42FA3900B7848A /* Base */ = {isa = PBXFileReference; lastKnownFileType = file.xib; name = Base; path = Base.lproj/MainMenu.xib; sourceTree = "<group>"; };
		7FB8E0C91C42FA3900B7848A /* Info.plist */ = {isa = PBXFileReference; lastKnownFileType = text.plist.xml; path = Info.plist; sourceTree = "<group>"; };
		7FB8E1221C42FC5700B7848A /* MainViewController.h */ = {isa = PBXFileReference; fileEncoding = 4; lastKnownFileType = sourcecode.c.h; path = MainViewController.h; sourceTree = "<group>"; };
		7FB8E1231C42FC5700B7848A /* MainViewController.m */ = {isa = PBXFileReference; fileEncoding = 4; lastKnownFileType = sourcecode.c.objc; path = MainViewController.m; sourceTree = "<group>"; };
		7FB8E1241C42FC5700B7848A /* MainViewController.xib */ = {isa = PBXFileReference; fileEncoding = 4; lastKnownFileType = file.xib; path = MainViewController.xib; sourceTree = "<group>"; };
		7FCBD7D01C928E7200241382 /* RMSAudio.framework */ = {isa = PBXFileReference; lastKnownFileType = wrapper.framework; name = RMSAudio.framework; path = "/Users/opgr/Library/Developer/Xcode/DerivedData/RMSAudio-ednjtblggzywxyfmpprlcymxgxff/Build/Products/Debug/RMSAudio.framework"; sourceTree = "<absolute>"; };
/* End PBXFileReference section */

/* Begin PBXFrameworksBuildPhase section */
		7FA0438D1C58F15500CAC51D /* Frameworks */ = {
			isa = PBXFrameworksBuildPhase;
			buildActionMask = 2147483647;
			files = (
			);
			runOnlyForDeploymentPostprocessing = 0;
		};
		7FB8E0B81C42FA3800B7848A /* Frameworks */ = {
			isa = PBXFrameworksBuildPhase;
			buildActionMask = 2147483647;
			files = (
				7FCBD7D11C928E7200241382 /* RMSAudio.framework in Frameworks */,
			);
			runOnlyForDeploymentPostprocessing = 0;
		};
/* End PBXFrameworksBuildPhase section */

/* Begin PBXGroup section */
		7FA043911C58F15500CAC51D /* RMSKaraokeApp */ = {
			isa = PBXGroup;
			children = (
				7FA043921C58F15500CAC51D /* AppDelegate.h */,
				7FA043931C58F15500CAC51D /* AppDelegate.m */,
				7FA045051C58F35400CAC51D /* RMSKaraokeViewController.h */,
				7FA045061C58F35400CAC51D /* RMSKaraokeViewController.m */,
				7FA045071C58F35400CAC51D /* RMSKaraokeViewController.xib */,
				7FA043981C58F15500CAC51D /* Assets.xcassets */,
				7FA0439A1C58F15500CAC51D /* MainMenu.xib */,
				7FA0439D1C58F15500CAC51D /* Info.plist */,
				7FA043951C58F15500CAC51D /* Supporting Files */,
			);
			path = RMSKaraokeApp;
			sourceTree = "<group>";
		};
		7FA043951C58F15500CAC51D /* Supporting Files */ = {
			isa = PBXGroup;
			children = (
				7FA043961C58F15500CAC51D /* main.m */,
			);
			name = "Supporting Files";
			sourceTree = "<group>";
		};
		7FB641731C79D61D00EE52A6 /* artwork */ = {
			isa = PBXGroup;
			children = (
			);
			name = artwork;
			sourceTree = "<group>";
		};
		7FB8E0B21C42FA3800B7848A = {
			isa = PBXGroup;
			children = (
				7FB8E0BD1C42FA3800B7848A /* RMSAudioApp */,
				7FA043911C58F15500CAC51D /* RMSKaraokeApp */,
				7FB641731C79D61D00EE52A6 /* artwork */,
				7FB8E0BC1C42FA3800B7848A /* Products */,
			);
			sourceTree = "<group>";
		};
		7FB8E0BC1C42FA3800B7848A /* Products */ = {
			isa = PBXGroup;
			children = (
				7FB8E0BB1C42FA3800B7848A /* RMSAudioApp.app */,
				7FA043901C58F15500CAC51D /* RMSKaraokeApp.app */,
			);
			name = Products;
			sourceTree = "<group>";
		};
		7FB8E0BD1C42FA3800B7848A /* RMSAudioApp */ = {
			isa = PBXGroup;
			children = (
				7FB8E0BE1C42FA3800B7848A /* AppDelegate.h */,
				7FB8E0BF1C42FA3800B7848A /* AppDelegate.m */,
				7FB8E1221C42FC5700B7848A /* MainViewController.h */,
				7FB8E1231C42FC5700B7848A /* MainViewController.m */,
				7F0E33041C992B220001BBF2 /* RMSSampleMap.h */,
				7F0E33051C992B220001BBF2 /* RMSSampleMap.m */,
				7F727CAA1C69315600416DB0 /* NSBitmapImageRepView.h */,
				7F727CAB1C69315600416DB0 /* NSBitmapImageRepView.m */,
				7FB8E1241C42FC5700B7848A /* MainViewController.xib */,
				7FB8E0C11C42FA3800B7848A /* Supporting Files */,
			);
			path = RMSAudioApp;
			sourceTree = "<group>";
		};
		7FB8E0C11C42FA3800B7848A /* Supporting Files */ = {
			isa = PBXGroup;
			children = (
				7FB8E0C41C42FA3800B7848A /* Assets.xcassets */,
				7FB8E0C61C42FA3900B7848A /* MainMenu.xib */,
				7FB8E0C91C42FA3900B7848A /* Info.plist */,
				7FB8E0C21C42FA3800B7848A /* main.m */,
				7FCBD7D01C928E7200241382 /* RMSAudio.framework */,
			);
			name = "Supporting Files";
			sourceTree = "<group>";
		};
/* End PBXGroup section */

/* Begin PBXNativeTarget section */
		7FA0438F1C58F15500CAC51D /* RMSKaraokeApp */ = {
			isa = PBXNativeTarget;
			buildConfigurationList = 7FA043A01C58F15500CAC51D /* Build configuration list for PBXNativeTarget "RMSKaraokeApp" */;
			buildPhases = (
				7FA0438C1C58F15500CAC51D /* Sources */,
				7FA0438D1C58F15500CAC51D /* Frameworks */,
				7FA0438E1C58F15500CAC51D /* Resources */,
			);
			buildRules = (
			);
			dependencies = (
			);
			name = RMSKaraokeApp;
			productName = RMSKaraokeApp;
			productReference = 7FA043901C58F15500CAC51D /* RMSKaraokeApp.app */;
			productType = "com.apple.product-type.application";
		};
		7FB8E0BA1C42FA3800B7848A /* RMSAudioApp */ = {
			isa = PBXNativeTarget;
			buildConfigurationList = 7FB8E0CC1C42FA3900B7848A /* Build configuration list for PBXNativeTarget "RMSAudioApp" */;
			buildPhases = (
				7FB8E0B71C42FA3800B7848A /* Sources */,
				7FB8E0B81C42FA3800B7848A /* Frameworks */,
				7FB8E0B91C42FA3800B7848A /* Resources */,
			);
			buildRules = (
			);
			dependencies = (
			);
			name = RMSAudioApp;
			productName = RMSAudioApp;
			productReference = 7FB8E0BB1C42FA3800B7848A /* RMSAudioApp.app */;
			productType = "com.apple.product-type.application";
		};
/* End PBXNativeTarget section */

/* Begin PBXProject section */
		7FB8E0B31C42FA3800B7848A /* Project object */ = {
			isa = PBXProject;
			attributes = {
				CLASSPREFIX = RMS;
				LastUpgradeCheck = 0720;
				ORGANIZATIONNAME = 32BT;
				TargetAttributes = {
					7FA0438F1C58F15500CAC51D = {
						CreatedOnToolsVersion = 7.2;
					};
					7FB8E0BA1C42FA3800B7848A = {
						CreatedOnToolsVersion = 7.2;
					};
				};
			};
			buildConfigurationList = 7FB8E0B61C42FA3800B7848A /* Build configuration list for PBXProject "RMSAudioApp" */;
			compatibilityVersion = "Xcode 3.2";
			developmentRegion = English;
			hasScannedForEncodings = 0;
			knownRegions = (
				en,
				Base,
			);
			mainGroup = 7FB8E0B21C42FA3800B7848A;
			productRefGroup = 7FB8E0BC1C42FA3800B7848A /* Products */;
			projectDirPath = "";
			projectRoot = "";
			targets = (
				7FB8E0BA1C42FA3800B7848A /* RMSAudioApp */,
				7FA0438F1C58F15500CAC51D /* RMSKaraokeApp */,
			);
		};
/* End PBXProject section */

/* Begin PBXResourcesBuildPhase section */
		7FA0438E1C58F15500CAC51D /* Resources */ = {
			isa = PBXResourcesBuildPhase;
			buildActionMask = 2147483647;
			files = (
				7FA045091C58F35400CAC51D /* RMSKaraokeViewController.xib in Resources */,
				7FA043991C58F15500CAC51D /* Assets.xcassets in Resources */,
				7FA0439C1C58F15500CAC51D /* MainMenu.xib in Resources */,
			);
			runOnlyForDeploymentPostprocessing = 0;
		};
		7FB8E0B91C42FA3800B7848A /* Resources */ = {
			isa = PBXResourcesBuildPhase;
			buildActionMask = 2147483647;
			files = (
				7FB8E0C51C42FA3800B7848A /* Assets.xcassets in Resources */,
				7FB8E0C81C42FA3900B7848A /* MainMenu.xib in Resources */,
				7FB8E1261C42FC5700B7848A /* MainViewController.xib in Resources */,
			);
			runOnlyForDeploymentPostprocessing = 0;
		};
/* End PBXResourcesBuildPhase section */

/* Begin PBXSourcesBuildPhase section */
		7FA0438C1C58F15500CAC51D /* Sources */ = {
			isa = PBXSourcesBuildPhase;
			buildActionMask = 2147483647;
			files = (
				7FA043971C58F15500CAC51D /* main.m in Sources */,
				7FA045081C58F35400CAC51D /* RMSKaraokeViewController.m in Sources */,
				7FA043941C58F15500CAC51D /* AppDelegate.m in Sources */,
			);
			runOnlyForDeploymentPostprocessing = 0;
		};
		7FB8E0B71C42FA3800B7848A /* Sources */ = {
			isa = PBXSourcesBuildPhase;
			buildActionMask = 2147483647;
			files = (
				7F0E33061C992B220001BBF2 /* RMSSampleMap.m in Sources */,
				7FB8E0C31C42FA3800B7848A /* main.m in Sources */,
				7F727CAC1C69315600416DB0 /* NSBitmapImageRepView.m in Sources */,
				7FB8E0C01C42FA3800B7848A /* AppDelegate.m in Sources */,
				7FB8E1251C42FC5700B7848A /* MainViewController.m in Sources */,
			);
			runOnlyForDeploymentPostprocessing = 0;
		};
/* End PBXSourcesBuildPhase section */

/* Begin PBXVariantGroup section */
		7FA0439A1C58F15500CAC51D /* MainMenu.xib */ = {
			isa = PBXVariantGroup;
			children = (
				7FA0439B1C58F15500CAC51D /* Base */,
			);
			name = MainMenu.xib;
			sourceTree = "<group>";
		};
		7FB8E0C61C42FA3900B7848A /* MainMenu.xib */ = {
			isa = PBXVariantGroup;
			children = (
				7FB8E0C71C42FA3900B7848A /* Base */,
			);
			name = MainMenu.xib;
			sourceTree = "<group>";
		};
/* End PBXVariantGroup section */

/* Begin XCBuildConfiguration section */
		7FA0439E1C58F15500CAC51D /* Debug */ = {
			isa = XCBuildConfiguration;
			buildSettings = {
				ASSETCATALOG_COMPILER_APPICON_NAME = AppIcon;
				COMBINE_HIDPI_IMAGES = YES;
				INFOPLIST_FILE = RMSKaraokeApp/Info.plist;
				LD_RUNPATH_SEARCH_PATHS = "$(inherited) @executable_path/../Frameworks";
				PRODUCT_BUNDLE_IDENTIFIER = com.32BT.RMSKaraokeApp;
				PRODUCT_NAME = "$(TARGET_NAME)";
			};
			name = Debug;
		};
		7FA0439F1C58F15500CAC51D /* Release */ = {
			isa = XCBuildConfiguration;
			buildSettings = {
				ASSETCATALOG_COMPILER_APPICON_NAME = AppIcon;
				COMBINE_HIDPI_IMAGES = YES;
				INFOPLIST_FILE = RMSKaraokeApp/Info.plist;
				LD_RUNPATH_SEARCH_PATHS = "$(inherited) @executable_path/../Frameworks";
				PRODUCT_BUNDLE_IDENTIFIER = com.32BT.RMSKaraokeApp;
				PRODUCT_NAME = "$(TARGET_NAME)";
			};
			name = Release;
		};
		7FB8E0CA1C42FA3900B7848A /* Debug */ = {
			isa = XCBuildConfiguration;
			buildSettings = {
				ALWAYS_SEARCH_USER_PATHS = NO;
				CLANG_CXX_LANGUAGE_STANDARD = "gnu++0x";
				CLANG_CXX_LIBRARY = "libc++";
				CLANG_ENABLE_MODULES = YES;
				CLANG_ENABLE_OBJC_ARC = YES;
				CLANG_WARN_BOOL_CONVERSION = YES;
				CLANG_WARN_CONSTANT_CONVERSION = YES;
				CLANG_WARN_DIRECT_OBJC_ISA_USAGE = YES_ERROR;
				CLANG_WARN_EMPTY_BODY = YES;
				CLANG_WARN_ENUM_CONVERSION = YES;
				CLANG_WARN_INT_CONVERSION = YES;
				CLANG_WARN_OBJC_ROOT_CLASS = YES_ERROR;
				CLANG_WARN_UNREACHABLE_CODE = YES;
				CLANG_WARN__DUPLICATE_METHOD_MATCH = YES;
				CODE_SIGN_IDENTITY = "-";
				COPY_PHASE_STRIP = NO;
				DEBUG_INFORMATION_FORMAT = dwarf;
				ENABLE_STRICT_OBJC_MSGSEND = YES;
				ENABLE_TESTABILITY = YES;
				GCC_C_LANGUAGE_STANDARD = gnu99;
				GCC_DYNAMIC_NO_PIC = NO;
				GCC_NO_COMMON_BLOCKS = YES;
				GCC_OPTIMIZATION_LEVEL = 0;
				GCC_PREPROCESSOR_DEFINITIONS = (
					"DEBUG=1",
					"$(inherited)",
				);
				GCC_WARN_64_TO_32_BIT_CONVERSION = YES;
				GCC_WARN_ABOUT_RETURN_TYPE = YES_ERROR;
				GCC_WARN_UNDECLARED_SELECTOR = YES;
				GCC_WARN_UNINITIALIZED_AUTOS = YES_AGGRESSIVE;
				GCC_WARN_UNUSED_FUNCTION = YES;
				GCC_WARN_UNUSED_VARIABLE = YES;
				MACOSX_DEPLOYMENT_TARGET = 10.11;
				MTL_ENABLE_DEBUG_INFO = YES;
				ONLY_ACTIVE_ARCH = YES;
				SDKROOT = macosx;
			};
			name = Debug;
		};
		7FB8E0CB1C42FA3900B7848A /* Release */ = {
			isa = XCBuildConfiguration;
			buildSettings = {
				ALWAYS_SEARCH_USER_PATHS = NO;
				CLANG_CXX_LANGUAGE_STANDARD = "gnu++0x";
				CLANG_CXX_LIBRARY = "libc++";
				CLANG_ENABLE_MODULES = YES;
				CLANG_ENABLE_OBJC_ARC = YES;
				CLANG_WARN_BOOL_CONVERSION = YES;
				CLANG_WARN_CONSTANT_CONVERSION = YES;
				CLANG_WARN_DIRECT_OBJC_ISA_USAGE = YES_ERROR;
				CLANG_WARN_EMPTY_BODY = YES;
				CLANG_WARN_ENUM_CONVERSION = YES;
				CLANG_WARN_INT_CONVERSION = YES;
				CLANG_WARN_OBJC_ROOT_CLASS = YES_ERROR;
				CLANG_WARN_UNREACHABLE_CODE = YES;
				CLANG_WARN__DUPLICATE_METHOD_MATCH = YES;
				CODE_SIGN_IDENTITY = "-";
				COPY_PHASE_STRIP = NO;
				DEBUG_INFORMATION_FORMAT = "dwarf-with-dsym";
				ENABLE_NS_ASSERTIONS = NO;
				ENABLE_STRICT_OBJC_MSGSEND = YES;
				GCC_C_LANGUAGE_STANDARD = gnu99;
				GCC_NO_COMMON_BLOCKS = YES;
				GCC_WARN_64_TO_32_BIT_CONVERSION = YES;
				GCC_WARN_ABOUT_RETURN_TYPE = YES_ERROR;
				GCC_WARN_UNDECLARED_SELECTOR = YES;
				GCC_WARN_UNINITIALIZED_AUTOS = YES_AGGRESSIVE;
				GCC_WARN_UNUSED_FUNCTION = YES;
				GCC_WARN_UNUSED_VARIABLE = YES;
				MACOSX_DEPLOYMENT_TARGET = 10.11;
				MTL_ENABLE_DEBUG_INFO = NO;
				SDKROOT = macosx;
			};
			name = Release;
		};
		7FB8E0CD1C42FA3900B7848A /* Debug */ = {
			isa = XCBuildConfiguration;
			buildSettings = {
				ASSETCATALOG_COMPILER_APPICON_NAME = AppIcon;
				COMBINE_HIDPI_IMAGES = YES;
				INFOPLIST_FILE = RMSAudioApp/Info.plist;
				LD_RUNPATH_SEARCH_PATHS = "$(inherited) @executable_path/../Frameworks";
				PRODUCT_BUNDLE_IDENTIFIER = com.32BT.RMSAudioApp;
				PRODUCT_NAME = "$(TARGET_NAME)";
			};
			name = Debug;
		};
		7FB8E0CE1C42FA3900B7848A /* Release */ = {
			isa = XCBuildConfiguration;
			buildSettings = {
				ASSETCATALOG_COMPILER_APPICON_NAME = AppIcon;
				COMBINE_HIDPI_IMAGES = YES;
				INFOPLIST_FILE = RMSAudioApp/Info.plist;
				LD_RUNPATH_SEARCH_PATHS = "$(inherited) @executable_path/../Frameworks";
				PRODUCT_BUNDLE_IDENTIFIER = com.32BT.RMSAudioApp;
				PRODUCT_NAME = "$(TARGET_NAME)";
			};
			name = Release;
		};
/* End XCBuildConfiguration section */

/* Begin XCConfigurationList section */
		7FA043A01C58F15500CAC51D /* Build configuration list for PBXNativeTarget "RMSKaraokeApp" */ = {
			isa = XCConfigurationList;
			buildConfigurations = (
				7FA0439E1C58F15500CAC51D /* Debug */,
				7FA0439F1C58F15500CAC51D /* Release */,
			);
			defaultConfigurationIsVisible = 0;
			defaultConfigurationName = Release;
		};
		7FB8E0B61C42FA3800B7848A /* Build configuration list for PBXProject "RMSAudioApp" */ = {
			isa = XCConfigurationList;
			buildConfigurations = (
				7FB8E0CA1C42FA3900B7848A /* Debug */,
				7FB8E0CB1C42FA3900B7848A /* Release */,
			);
			defaultConfigurationIsVisible = 0;
			defaultConfigurationName = Release;
		};
		7FB8E0CC1C42FA3900B7848A /* Build configuration list for PBXNativeTarget "RMSAudioApp" */ = {
			isa = XCConfigurationList;
			buildConfigurations = (
				7FB8E0CD1C42FA3900B7848A /* Debug */,
				7FB8E0CE1C42FA3900B7848A /* Release */,
			);
			defaultConfigurationIsVisible = 0;
			defaultConfigurationName = Release;
		};
/* End XCConfigurationList section */
	};
	rootObject = 7FB8E0B31C42FA3800B7848A /* Project object */;
}
